
Microsoft Visual Studio Solution File, Format Version 12.00
# Visual Studio Version 16
VisualStudioVersion = 16.0.31729.503
MinimumVisualStudioVersion = 10.0.40219.1
Project("{FAE04EC0-301F-11D3-BF4B-00C04F79EFBC}") = "ListaDeFilmes.Api", "src\ListaDeFilmes.Api\ListaDeFilmes.Api.csproj", "{563EB322-3DA6-4D97-95B5-AA109574AE18}"
EndProject
Project("{FAE04EC0-301F-11D3-BF4B-00C04F79EFBC}") = "ListaDeFilmes.Business", "src\ListaDeFilmes.Business\ListaDeFilmes.Business.csproj", "{402D7000-A7AA-4EF0-8395-27AEE0192F99}"
EndProject
Project("{FAE04EC0-301F-11D3-BF4B-00C04F79EFBC}") = "ListaDeFilmes.Data", "src\ListaDeFilmes.Data\ListaDeFilmes.Data.csproj", "{1E0BE3FC-00AB-4147-A308-CD9C7513111A}"
EndProject
Global
	GlobalSection(SolutionConfigurationPlatforms) = preSolution
		Debug|Any CPU = Debug|Any CPU
		Release|Any CPU = Release|Any CPU
	EndGlobalSection
	GlobalSection(ProjectConfigurationPlatforms) = postSolution
		{563EB322-3DA6-4D97-95B5-AA109574AE18}.Debug|Any CPU.ActiveCfg = Debug|Any CPU
		{563EB322-3DA6-4D97-95B5-AA109574AE18}.Debug|Any CPU.Build.0 = Debug|Any CPU
		{563EB322-3DA6-4D97-95B5-AA109574AE18}.Release|Any CPU.ActiveCfg = Release|Any CPU
		{563EB322-3DA6-4D97-95B5-AA109574AE18}.Release|Any CPU.Build.0 = Release|Any CPU
		{402D7000-A7AA-4EF0-8395-27AEE0192F99}.Debug|Any CPU.ActiveCfg = Debug|Any CPU
		{402D7000-A7AA-4EF0-8395-27AEE0192F99}.Debug|Any CPU.Build.0 = Debug|Any CPU
		{402D7000-A7AA-4EF0-8395-27AEE0192F99}.Release|Any CPU.ActiveCfg = Release|Any CPU
		{402D7000-A7AA-4EF0-8395-27AEE0192F99}.Release|Any CPU.Build.0 = Release|Any CPU
		{1E0BE3FC-00AB-4147-A308-CD9C7513111A}.Debug|Any CPU.ActiveCfg = Debug|Any CPU
		{1E0BE3FC-00AB-4147-A308-CD9C7513111A}.Debug|Any CPU.Build.0 = Debug|Any CPU
		{1E0BE3FC-00AB-4147-A308-CD9C7513111A}.Release|Any CPU.ActiveCfg = Release|Any CPU
		{1E0BE3FC-00AB-4147-A308-CD9C7513111A}.Release|Any CPU.Build.0 = Release|Any CPU
	EndGlobalSection
	GlobalSection(SolutionProperties) = preSolution
		HideSolutionNode = FALSE
	EndGlobalSection
	GlobalSection(ExtensibilityGlobals) = postSolution
		SolutionGuid = {72DE21AA-31AC-41FB-88BA-408C2808D166}
	EndGlobalSection
EndGlobal
